
Microsoft Visual Studio Solution File, Format Version 12.00
# Visual Studio Version 17
VisualStudioVersion = 17.3.32901.215
MinimumVisualStudioVersion = 10.0.40219.1
Project("{FAE04EC0-301F-11D3-BF4B-00C04F79EFBC}") = "verıturler", "verıturler\verıturler.csproj", "{ED65F819-7326-4F31-AB15-BE683770320B}"
EndProject
Global
	GlobalSection(SolutionConfigurationPlatforms) = preSolution
		Debug|Any CPU = Debug|Any CPU
		Release|Any CPU = Release|Any CPU
	EndGlobalSection
	GlobalSection(ProjectConfigurationPlatforms) = postSolution
		{ED65F819-7326-4F31-AB15-BE683770320B}.Debug|Any CPU.ActiveCfg = Debug|Any CPU
		{ED65F819-7326-4F31-AB15-BE683770320B}.Debug|Any CPU.Build.0 = Debug|Any CPU
		{ED65F819-7326-4F31-AB15-BE683770320B}.Release|Any CPU.ActiveCfg = Release|Any CPU
		{ED65F819-7326-4F31-AB15-BE683770320B}.Release|Any CPU.Build.0 = Release|Any CPU
	EndGlobalSection
	GlobalSection(SolutionProperties) = preSolution
		HideSolutionNode = FALSE
	EndGlobalSection
	GlobalSection(ExtensibilityGlobals) = postSolution
		SolutionGuid = {9ECDED04-DFFA-4E60-8DFC-0EA9853356F8}
	EndGlobalSection
EndGlobal
